
Microsoft Visual Studio Solution File, Format Version 12.00
# Visual Studio Version 16
VisualStudioVersion = 16.0.29201.188
MinimumVisualStudioVersion = 10.0.40219.1
Project("{FAE04EC0-301F-11D3-BF4B-00C04F79EFBC}") = "budicMarinDialogResults", "budicMarinDialogResults\budicMarinDialogResults.csproj", "{F5261708-973B-4D73-9384-B9570B91564F}"
EndProject
Global
	GlobalSection(SolutionConfigurationPlatforms) = preSolution
		Debug|Any CPU = Debug|Any CPU
		Release|Any CPU = Release|Any CPU
	EndGlobalSection
	GlobalSection(ProjectConfigurationPlatforms) = postSolution
		{F5261708-973B-4D73-9384-B9570B91564F}.Debug|Any CPU.ActiveCfg = Debug|Any CPU
		{F5261708-973B-4D73-9384-B9570B91564F}.Debug|Any CPU.Build.0 = Debug|Any CPU
		{F5261708-973B-4D73-9384-B9570B91564F}.Release|Any CPU.ActiveCfg = Release|Any CPU
		{F5261708-973B-4D73-9384-B9570B91564F}.Release|Any CPU.Build.0 = Release|Any CPU
	EndGlobalSection
	GlobalSection(SolutionProperties) = preSolution
		HideSolutionNode = FALSE
	EndGlobalSection
	GlobalSection(ExtensibilityGlobals) = postSolution
		SolutionGuid = {E46F8BD4-6680-4F41-B2D6-05360EAD5EDE}
	EndGlobalSection
EndGlobal
