
Microsoft Visual Studio Solution File, Format Version 12.00
# Visual Studio Version 16
VisualStudioVersion = 16.0.29201.188
MinimumVisualStudioVersion = 10.0.40219.1
Project("{FAE04EC0-301F-11D3-BF4B-00C04F79EFBC}") = "budicMarinKlasaProces", "budicMarinKlasaProces\budicMarinKlasaProces.csproj", "{AC1FBFB0-D29A-4E6C-9E9D-17C8AFC3817D}"
EndProject
Global
	GlobalSection(SolutionConfigurationPlatforms) = preSolution
		Debug|Any CPU = Debug|Any CPU
		Release|Any CPU = Release|Any CPU
	EndGlobalSection
	GlobalSection(ProjectConfigurationPlatforms) = postSolution
		{AC1FBFB0-D29A-4E6C-9E9D-17C8AFC3817D}.Debug|Any CPU.ActiveCfg = Debug|Any CPU
		{AC1FBFB0-D29A-4E6C-9E9D-17C8AFC3817D}.Debug|Any CPU.Build.0 = Debug|Any CPU
		{AC1FBFB0-D29A-4E6C-9E9D-17C8AFC3817D}.Release|Any CPU.ActiveCfg = Release|Any CPU
		{AC1FBFB0-D29A-4E6C-9E9D-17C8AFC3817D}.Release|Any CPU.Build.0 = Release|Any CPU
	EndGlobalSection
	GlobalSection(SolutionProperties) = preSolution
		HideSolutionNode = FALSE
	EndGlobalSection
	GlobalSection(ExtensibilityGlobals) = postSolution
		SolutionGuid = {906867AA-A4A1-4EC5-B1F7-C2FF3DC84A82}
	EndGlobalSection
EndGlobal
