
Microsoft Visual Studio Solution File, Format Version 12.00
# Visual Studio Version 16
VisualStudioVersion = 16.0.29201.188
MinimumVisualStudioVersion = 10.0.40219.1
Project("{FAE04EC0-301F-11D3-BF4B-00C04F79EFBC}") = "budicMarinEmailSender", "budicMarinEmailSender\budicMarinEmailSender.csproj", "{FAF9DE93-0AC6-40EC-8066-07CE3FAB3D8A}"
EndProject
Global
	GlobalSection(SolutionConfigurationPlatforms) = preSolution
		Debug|Any CPU = Debug|Any CPU
		Release|Any CPU = Release|Any CPU
	EndGlobalSection
	GlobalSection(ProjectConfigurationPlatforms) = postSolution
		{FAF9DE93-0AC6-40EC-8066-07CE3FAB3D8A}.Debug|Any CPU.ActiveCfg = Debug|Any CPU
		{FAF9DE93-0AC6-40EC-8066-07CE3FAB3D8A}.Debug|Any CPU.Build.0 = Debug|Any CPU
		{FAF9DE93-0AC6-40EC-8066-07CE3FAB3D8A}.Release|Any CPU.ActiveCfg = Release|Any CPU
		{FAF9DE93-0AC6-40EC-8066-07CE3FAB3D8A}.Release|Any CPU.Build.0 = Release|Any CPU
	EndGlobalSection
	GlobalSection(SolutionProperties) = preSolution
		HideSolutionNode = FALSE
	EndGlobalSection
	GlobalSection(ExtensibilityGlobals) = postSolution
		SolutionGuid = {641CE9A0-0B56-42C0-BF10-A40A4D2E5195}
	EndGlobalSection
EndGlobal
